{
  "version": "5",
  "redirects": {
    "https://esm.sh/@lit/reactive-element@^2.0.4?target=denonext": "https://esm.sh/@lit/reactive-element@2.1.2?target=denonext",
    "https://esm.sh/@lit/reactive-element@^2.1.0?target=denonext": "https://esm.sh/@lit/reactive-element@2.1.2?target=denonext",
    "https://esm.sh/lit-element@^4.1.0/lit-element?target=denonext": "https://esm.sh/lit-element@4.2.2/lit-element?target=denonext",
    "https://esm.sh/lit-html@^3.2.0/is-server?target=denonext": "https://esm.sh/lit-html@3.3.2/is-server?target=denonext",
    "https://esm.sh/lit-html@^3.2.0?target=denonext": "https://esm.sh/lit-html@3.3.2?target=denonext",
    "https://esm.sh/lit-html@^3.3.0?target=denonext": "https://esm.sh/lit-html@3.3.2?target=denonext"
  },
  "remote": {
    "https://esm.sh/@lit/reactive-element@2.1.2/denonext/css-tag.mjs": "aa41150f5240714d45b3eee34be60c8eccf4bbfa6cd875b227d60e293403a24d",
    "https://esm.sh/@lit/reactive-element@2.1.2/denonext/reactive-element.mjs": "1f298a24663276944fc3fb39680671d27272d0c5006040321a057c7e20a42d42",
    "https://esm.sh/@lit/reactive-element@2.1.2/es2022/css-tag.mjs": "aa41150f5240714d45b3eee34be60c8eccf4bbfa6cd875b227d60e293403a24d",
    "https://esm.sh/@lit/reactive-element@2.1.2/es2022/decorators/base.mjs": "22070dee2620e132f1eb0c2ec099ec0be1d8fcc975bcd7e62f52af7a7c16f3d8",
    "https://esm.sh/@lit/reactive-element@2.1.2/es2022/decorators/custom-element.mjs": "7f2774e95d13b7c6cfe553c9bdf938c47e2e02083e251a6215f09eb576f3d229",
    "https://esm.sh/@lit/reactive-element@2.1.2/es2022/decorators/event-options.mjs": "766abdcda0a18bdd8a629f601f62342acaf2be10f92658fa455ba8fedebe6eab",
    "https://esm.sh/@lit/reactive-element@2.1.2/es2022/decorators/property.mjs": "6387e2ff2b6e1b63729a42f5d1a113738bd9548cf5c0d0039b94265f883daab5",
    "https://esm.sh/@lit/reactive-element@2.1.2/es2022/decorators/query-all.mjs": "69114241ce5cc43dcd3b1680d1cfce3d9d4e3ec826579329ae16d666df7c7141",
    "https://esm.sh/@lit/reactive-element@2.1.2/es2022/decorators/query-assigned-elements.mjs": "809102d2c0e49ee3cd6e5d5e9e01dd01284078f8b714508f01c9d99ead873147",
    "https://esm.sh/@lit/reactive-element@2.1.2/es2022/decorators/query-assigned-nodes.mjs": "356a4b2453c1e98f28c2ae487ad423dece670eae5d0182713b2fd38154d44cec",
    "https://esm.sh/@lit/reactive-element@2.1.2/es2022/decorators/query-async.mjs": "ae0aec4048cbda64e89515d3d54c928bf1213c4b13017f84d3590657f8d14f05",
    "https://esm.sh/@lit/reactive-element@2.1.2/es2022/decorators/query.mjs": "3609a63c847078dcb87ce49e7267f8345f3a68f2c0ec8d7928702d8a6529ceff",
    "https://esm.sh/@lit/reactive-element@2.1.2/es2022/decorators/state.mjs": "34862d6c5b894e0517303588155dc876a2aee37a6a7e10c48ce6664aea119217",
    "https://esm.sh/@lit/reactive-element@2.1.2/es2022/reactive-element.mjs": "1f298a24663276944fc3fb39680671d27272d0c5006040321a057c7e20a42d42",
    "https://esm.sh/@lit/reactive-element@2.1.2?target=denonext": "9f781f23eeb45fa2bb1b2e47bafa513ee2b9185677b9e5ff4a088fdc585084b6",
    "https://esm.sh/@lit/reactive-element@^2.0.4/decorators/custom-element?target=es2022": "632a51da7aa2e1cdec4f548ab5999dfdf8a5fa92f0024d32b15428fb0c16ac7f",
    "https://esm.sh/@lit/reactive-element@^2.0.4/decorators/event-options?target=es2022": "fe61014a735050efb623e9538a66b3edecb7df843083f54b58c0e39b59e3aac9",
    "https://esm.sh/@lit/reactive-element@^2.0.4/decorators/property?target=es2022": "671db4343768910d4eae7af7685dedeb0367e868f1a410c1014a371680221d14",
    "https://esm.sh/@lit/reactive-element@^2.0.4/decorators/query-all?target=es2022": "4270ae086fc24515c73a2f27898d6f8631c3f003af8ab31113d6619de1951068",
    "https://esm.sh/@lit/reactive-element@^2.0.4/decorators/query-assigned-elements?target=es2022": "27a2217fb03a27d3c3bb02da4e5449411e5ac797ff111de1959dd666d3e71b93",
    "https://esm.sh/@lit/reactive-element@^2.0.4/decorators/query-assigned-nodes?target=es2022": "726b7e79a456d03bb72bcda1815ce1a472078d0c16353b64ec758106580bd54f",
    "https://esm.sh/@lit/reactive-element@^2.0.4/decorators/query-async?target=es2022": "13fd1eff7cc986950aa3c475f2cf681cc2053e4fc6b47fafb3179d345243c7eb",
    "https://esm.sh/@lit/reactive-element@^2.0.4/decorators/query?target=es2022": "88a384a2643a1e0c4652186fb4c1d2eda0947a9c9a4eb9db1472c794ba76b5dd",
    "https://esm.sh/@lit/reactive-element@^2.0.4/decorators/state?target=es2022": "7ca388c2ce88cebbcc6b0cd6508b3aef605b9f5f6cb66578a398931ebd49fd73",
    "https://esm.sh/lit-element@4.2.2/denonext/__lit-element.mjs": "b99be69e09333b40321ac3ecae52df00c238b942a6e01ca73299262c44d5329c",
    "https://esm.sh/lit-element@4.2.2/lit-element?target=denonext": "3ac51dc7f17c0a545c722ec134ab03e13ae8fb15685401c50ecc72e566c8dd34",
    "https://esm.sh/lit-html@3.3.2/denonext/is-server.mjs": "e9e9606de80507c08c0b4f0456041d168d71d12eb4cc195eb8089a615d4e3fab",
    "https://esm.sh/lit-html@3.3.2/denonext/lit-html.mjs": "79924b247b0711b9d38ccefee6c04658914ffb63bfc0587db33f92b8a56f13cb",
    "https://esm.sh/lit-html@3.3.2/is-server?target=denonext": "9ca11381e72daf8f49384dea61fd0994d9ad55bbcf139f3196aed0c6c61c40cc",
    "https://esm.sh/lit-html@3.3.2?target=denonext": "5398155521f77a9b804e32ca8e57049de79cc1e3951b6d11c88d610024f7ffc4",
    "https://esm.sh/lit@3.2.1": "ed6f69ae3a4bf1d717da3a0f831014c2d9db043e18a95294d32d7708b8461329",
    "https://esm.sh/lit@3.2.1/decorators.js": "7a66a7b23cf660919a18b45b5cc462a626b3780685cdc9dc7a82388b30bee978",
    "https://esm.sh/lit@3.2.1/denonext/lit.mjs": "d89186d77bd5ab2c528bf7544376b8f175081b86a9fa7e2a1c9a70785fee3659",
    "https://esm.sh/lit@3.2.1/es2022/decorators.mjs": "624b5a2c497f00ceca79cbd3c97575c31f4126a1a1a5d66ec2a7720c39fb629e"
  }
}
